
Microsoft Visual Studio Solution File, Format Version 12.00
# Visual Studio Version 17
VisualStudioVersion = 17.5.33414.496
MinimumVisualStudioVersion = 10.0.40219.1
Project("{FAE04EC0-301F-11D3-BF4B-00C04F79EFBC}") = "dummy2", "dummy2.csproj", "{2BF0D55A-6BF9-4C99-9C06-18438177F664}"
EndProject
Global
	GlobalSection(SolutionConfigurationPlatforms) = preSolution
		Debug|Any CPU = Debug|Any CPU
		Release|Any CPU = Release|Any CPU
	EndGlobalSection
	GlobalSection(ProjectConfigurationPlatforms) = postSolution
		{2BF0D55A-6BF9-4C99-9C06-18438177F664}.Debug|Any CPU.ActiveCfg = Debug|Any CPU
		{2BF0D55A-6BF9-4C99-9C06-18438177F664}.Debug|Any CPU.Build.0 = Debug|Any CPU
		{2BF0D55A-6BF9-4C99-9C06-18438177F664}.Release|Any CPU.ActiveCfg = Release|Any CPU
		{2BF0D55A-6BF9-4C99-9C06-18438177F664}.Release|Any CPU.Build.0 = Release|Any CPU
	EndGlobalSection
	GlobalSection(SolutionProperties) = preSolution
		HideSolutionNode = FALSE
	EndGlobalSection
	GlobalSection(ExtensibilityGlobals) = postSolution
		SolutionGuid = {5E9C2901-3227-41B4-B835-6CF431427DE6}
	EndGlobalSection
EndGlobal
